
Microsoft Visual Studio Solution File, Format Version 12.00
# Visual Studio Version 17
VisualStudioVersion = 17.8.34525.116
MinimumVisualStudioVersion = 10.0.40219.1
Project("{9A19103F-16F7-4668-BE54-9A1E7A4F7556}") = "TestMsiInstaller", "TestMsiInstaller\TestMsiInstaller.csproj", "{D76309AD-EA27-44D3-A057-D53259FD4A25}"
EndProject
Project("{54435603-DBB4-11D2-8724-00A0C9A8B90C}") = "WebSetup1", "WebSetup1\WebSetup1.vdproj", "{3A741B45-7714-4A73-BBCA-2D0E5DE0F264}"
EndProject
Global
	GlobalSection(SolutionConfigurationPlatforms) = preSolution
		Debug|Any CPU = Debug|Any CPU
		Release|Any CPU = Release|Any CPU
	EndGlobalSection
	GlobalSection(ProjectConfigurationPlatforms) = postSolution
		{D76309AD-EA27-44D3-A057-D53259FD4A25}.Debug|Any CPU.ActiveCfg = Debug|Any CPU
		{D76309AD-EA27-44D3-A057-D53259FD4A25}.Debug|Any CPU.Build.0 = Debug|Any CPU
		{D76309AD-EA27-44D3-A057-D53259FD4A25}.Release|Any CPU.ActiveCfg = Release|Any CPU
		{D76309AD-EA27-44D3-A057-D53259FD4A25}.Release|Any CPU.Build.0 = Release|Any CPU
		{3A741B45-7714-4A73-BBCA-2D0E5DE0F264}.Debug|Any CPU.ActiveCfg = Debug
		{3A741B45-7714-4A73-BBCA-2D0E5DE0F264}.Release|Any CPU.ActiveCfg = Release
	EndGlobalSection
	GlobalSection(SolutionProperties) = preSolution
		HideSolutionNode = FALSE
	EndGlobalSection
	GlobalSection(ExtensibilityGlobals) = postSolution
		SolutionGuid = {705C5695-3589-41B6-B868-12A953D2BC7D}
	EndGlobalSection
EndGlobal
